
Microsoft Visual Studio Solution File, Format Version 12.00
# Visual Studio Version 16
VisualStudioVersion = 16.0.31515.178
MinimumVisualStudioVersion = 10.0.40219.1
Project("{8BC9CEB8-8B4A-11D0-8D11-00A0C91BC942}") = "Database", "Database.vcxproj", "{947971C5-EBE1-4936-9BEC-A2AF0B43F29B}"
EndProject
Global
	GlobalSection(SolutionConfigurationPlatforms) = preSolution
		Debug|x64 = Debug|x64
		Debug|x86 = Debug|x86
		Release|x64 = Release|x64
		Release|x86 = Release|x86
	EndGlobalSection
	GlobalSection(ProjectConfigurationPlatforms) = postSolution
		{947971C5-EBE1-4936-9BEC-A2AF0B43F29B}.Debug|x64.ActiveCfg = Debug|x64
		{947971C5-EBE1-4936-9BEC-A2AF0B43F29B}.Debug|x64.Build.0 = Debug|x64
		{947971C5-EBE1-4936-9BEC-A2AF0B43F29B}.Debug|x86.ActiveCfg = Debug|Win32
		{947971C5-EBE1-4936-9BEC-A2AF0B43F29B}.Debug|x86.Build.0 = Debug|Win32
		{947971C5-EBE1-4936-9BEC-A2AF0B43F29B}.Release|x64.ActiveCfg = Release|x64
		{947971C5-EBE1-4936-9BEC-A2AF0B43F29B}.Release|x64.Build.0 = Release|x64
		{947971C5-EBE1-4936-9BEC-A2AF0B43F29B}.Release|x86.ActiveCfg = Release|Win32
		{947971C5-EBE1-4936-9BEC-A2AF0B43F29B}.Release|x86.Build.0 = Release|Win32
	EndGlobalSection
	GlobalSection(SolutionProperties) = preSolution
		HideSolutionNode = FALSE
	EndGlobalSection
	GlobalSection(ExtensibilityGlobals) = postSolution
		SolutionGuid = {BF97C40C-B0A3-480B-BAC9-B44151C158C3}
	EndGlobalSection
EndGlobal
